
Microsoft Visual Studio Solution File, Format Version 12.00
# Visual Studio Version 16
VisualStudioVersion = 16.0.30225.117
MinimumVisualStudioVersion = 10.0.40219.1
Project("{FAE04EC0-301F-11D3-BF4B-00C04F79EFBC}") = "FormInsert", "FormInsert.csproj", "{F4CCAA4E-9058-4B29-8FF5-81D0BA69F954}"
EndProject
Global
	GlobalSection(SolutionConfigurationPlatforms) = preSolution
		Debug|Any CPU = Debug|Any CPU
		Release|Any CPU = Release|Any CPU
	EndGlobalSection
	GlobalSection(ProjectConfigurationPlatforms) = postSolution
		{F4CCAA4E-9058-4B29-8FF5-81D0BA69F954}.Debug|Any CPU.ActiveCfg = Debug|Any CPU
		{F4CCAA4E-9058-4B29-8FF5-81D0BA69F954}.Debug|Any CPU.Build.0 = Debug|Any CPU
		{F4CCAA4E-9058-4B29-8FF5-81D0BA69F954}.Release|Any CPU.ActiveCfg = Release|Any CPU
		{F4CCAA4E-9058-4B29-8FF5-81D0BA69F954}.Release|Any CPU.Build.0 = Release|Any CPU
	EndGlobalSection
	GlobalSection(SolutionProperties) = preSolution
		HideSolutionNode = FALSE
	EndGlobalSection
	GlobalSection(ExtensibilityGlobals) = postSolution
		SolutionGuid = {A441CC7C-54F1-4DD0-9CCC-6D5FF31BCAA2}
	EndGlobalSection
EndGlobal
